
Microsoft Visual Studio Solution File, Format Version 12.00
# Visual Studio Version 17
VisualStudioVersion = 17.12.35527.113
MinimumVisualStudioVersion = 10.0.40219.1
Project("{FAE04EC0-301F-11D3-BF4B-00C04F79EFBC}") = "DOT-NET-Learning-Challenge", "DOT-NET-Learning-Challenge\DOT-NET-Learning-Challenge.csproj", "{B7EB8539-2A52-4D65-AFE0-767C3100D802}"
EndProject
Project("{FAE04EC0-301F-11D3-BF4B-00C04F79EFBC}") = "SimpleCalculator", "SimpleCalculator\SimpleCalculator.csproj", "{225E65E7-6071-4DEB-9FC1-8DB88426718B}"
EndProject
Project("{FAE04EC0-301F-11D3-BF4B-00C04F79EFBC}") = "SmartDayPlanner", "SmartDayPlanner\SmartDayPlanner.csproj", "{953096A6-3B60-45AB-BD5F-F3FA0C97F0FC}"
EndProject
Project("{FAE04EC0-301F-11D3-BF4B-00C04F79EFBC}") = "BookShop", "BookShop\BookShop.csproj", "{07326AB8-3F39-4119-B4AC-76A6E998C7D3}"
EndProject
Project("{FAE04EC0-301F-11D3-BF4B-00C04F79EFBC}") = "FamilyBudgetManager", "FamilyBudgetManager\FamilyBudgetManager.csproj", "{62301911-B16E-4007-84E2-C36A55AEC517}"
EndProject
Project("{FAE04EC0-301F-11D3-BF4B-00C04F79EFBC}") = "FamilyBudgetManager2", "FamilyBudgetManager2\FamilyBudgetManager2.csproj", "{1812F683-4E25-42FC-9C33-E3646F9FD0DA}"
EndProject
Project("{FAE04EC0-301F-11D3-BF4B-00C04F79EFBC}") = "Fibonacci", "Fibonacci\Fibonacci.csproj", "{26076A30-E317-4BF8-97F7-5BFCBBAD4E27}"
EndProject
Project("{FAE04EC0-301F-11D3-BF4B-00C04F79EFBC}") = "Text_Analyzer", "Text_Analyzer\Text_Analyzer.csproj", "{9F7BD947-4919-4D02-8684-14C29F59A3B6}"
EndProject
Project("{FAE04EC0-301F-11D3-BF4B-00C04F79EFBC}") = "School_Library_Manager", "School_Library_Manager\School_Library_Manager.csproj", "{952FD961-EA2B-4F7B-BCC2-FD72BD4584C6}"
EndProject
Project("{FAE04EC0-301F-11D3-BF4B-00C04F79EFBC}") = "Star-Artist", "Star-Artist\Star-Artist.csproj", "{9D94763F-F2E6-4773-97EE-703A071F7707}"
EndProject
Project("{FAE04EC0-301F-11D3-BF4B-00C04F79EFBC}") = "Master-of-Sorting-Algorithms", "Master-of-Sorting-Algorithms\Master-of-Sorting-Algorithms.csproj", "{016C9426-7888-47FA-8282-D9D51E929BF2}"
EndProject
Global
	GlobalSection(SolutionConfigurationPlatforms) = preSolution
		Debug|Any CPU = Debug|Any CPU
		Release|Any CPU = Release|Any CPU
	EndGlobalSection
	GlobalSection(ProjectConfigurationPlatforms) = postSolution
		{B7EB8539-2A52-4D65-AFE0-767C3100D802}.Debug|Any CPU.ActiveCfg = Debug|Any CPU
		{B7EB8539-2A52-4D65-AFE0-767C3100D802}.Debug|Any CPU.Build.0 = Debug|Any CPU
		{B7EB8539-2A52-4D65-AFE0-767C3100D802}.Release|Any CPU.ActiveCfg = Release|Any CPU
		{B7EB8539-2A52-4D65-AFE0-767C3100D802}.Release|Any CPU.Build.0 = Release|Any CPU
		{225E65E7-6071-4DEB-9FC1-8DB88426718B}.Debug|Any CPU.ActiveCfg = Debug|Any CPU
		{225E65E7-6071-4DEB-9FC1-8DB88426718B}.Debug|Any CPU.Build.0 = Debug|Any CPU
		{225E65E7-6071-4DEB-9FC1-8DB88426718B}.Release|Any CPU.ActiveCfg = Release|Any CPU
		{225E65E7-6071-4DEB-9FC1-8DB88426718B}.Release|Any CPU.Build.0 = Release|Any CPU
		{953096A6-3B60-45AB-BD5F-F3FA0C97F0FC}.Debug|Any CPU.ActiveCfg = Debug|Any CPU
		{953096A6-3B60-45AB-BD5F-F3FA0C97F0FC}.Debug|Any CPU.Build.0 = Debug|Any CPU
		{953096A6-3B60-45AB-BD5F-F3FA0C97F0FC}.Release|Any CPU.ActiveCfg = Release|Any CPU
		{953096A6-3B60-45AB-BD5F-F3FA0C97F0FC}.Release|Any CPU.Build.0 = Release|Any CPU
		{07326AB8-3F39-4119-B4AC-76A6E998C7D3}.Debug|Any CPU.ActiveCfg = Debug|Any CPU
		{07326AB8-3F39-4119-B4AC-76A6E998C7D3}.Debug|Any CPU.Build.0 = Debug|Any CPU
		{07326AB8-3F39-4119-B4AC-76A6E998C7D3}.Release|Any CPU.ActiveCfg = Release|Any CPU
		{07326AB8-3F39-4119-B4AC-76A6E998C7D3}.Release|Any CPU.Build.0 = Release|Any CPU
		{62301911-B16E-4007-84E2-C36A55AEC517}.Debug|Any CPU.ActiveCfg = Debug|Any CPU
		{62301911-B16E-4007-84E2-C36A55AEC517}.Debug|Any CPU.Build.0 = Debug|Any CPU
		{62301911-B16E-4007-84E2-C36A55AEC517}.Release|Any CPU.ActiveCfg = Release|Any CPU
		{62301911-B16E-4007-84E2-C36A55AEC517}.Release|Any CPU.Build.0 = Release|Any CPU
		{1812F683-4E25-42FC-9C33-E3646F9FD0DA}.Debug|Any CPU.ActiveCfg = Debug|Any CPU
		{1812F683-4E25-42FC-9C33-E3646F9FD0DA}.Debug|Any CPU.Build.0 = Debug|Any CPU
		{1812F683-4E25-42FC-9C33-E3646F9FD0DA}.Release|Any CPU.ActiveCfg = Release|Any CPU
		{1812F683-4E25-42FC-9C33-E3646F9FD0DA}.Release|Any CPU.Build.0 = Release|Any CPU
		{26076A30-E317-4BF8-97F7-5BFCBBAD4E27}.Debug|Any CPU.ActiveCfg = Debug|Any CPU
		{26076A30-E317-4BF8-97F7-5BFCBBAD4E27}.Debug|Any CPU.Build.0 = Debug|Any CPU
		{26076A30-E317-4BF8-97F7-5BFCBBAD4E27}.Release|Any CPU.ActiveCfg = Release|Any CPU
		{26076A30-E317-4BF8-97F7-5BFCBBAD4E27}.Release|Any CPU.Build.0 = Release|Any CPU
		{9F7BD947-4919-4D02-8684-14C29F59A3B6}.Debug|Any CPU.ActiveCfg = Debug|Any CPU
		{9F7BD947-4919-4D02-8684-14C29F59A3B6}.Debug|Any CPU.Build.0 = Debug|Any CPU
		{9F7BD947-4919-4D02-8684-14C29F59A3B6}.Release|Any CPU.ActiveCfg = Release|Any CPU
		{9F7BD947-4919-4D02-8684-14C29F59A3B6}.Release|Any CPU.Build.0 = Release|Any CPU
		{952FD961-EA2B-4F7B-BCC2-FD72BD4584C6}.Debug|Any CPU.ActiveCfg = Debug|Any CPU
		{952FD961-EA2B-4F7B-BCC2-FD72BD4584C6}.Debug|Any CPU.Build.0 = Debug|Any CPU
		{952FD961-EA2B-4F7B-BCC2-FD72BD4584C6}.Release|Any CPU.ActiveCfg = Release|Any CPU
		{952FD961-EA2B-4F7B-BCC2-FD72BD4584C6}.Release|Any CPU.Build.0 = Release|Any CPU
		{9D94763F-F2E6-4773-97EE-703A071F7707}.Debug|Any CPU.ActiveCfg = Debug|Any CPU
		{9D94763F-F2E6-4773-97EE-703A071F7707}.Debug|Any CPU.Build.0 = Debug|Any CPU
		{9D94763F-F2E6-4773-97EE-703A071F7707}.Release|Any CPU.ActiveCfg = Release|Any CPU
		{9D94763F-F2E6-4773-97EE-703A071F7707}.Release|Any CPU.Build.0 = Release|Any CPU
		{016C9426-7888-47FA-8282-D9D51E929BF2}.Debug|Any CPU.ActiveCfg = Debug|Any CPU
		{016C9426-7888-47FA-8282-D9D51E929BF2}.Debug|Any CPU.Build.0 = Debug|Any CPU
		{016C9426-7888-47FA-8282-D9D51E929BF2}.Release|Any CPU.ActiveCfg = Release|Any CPU
		{016C9426-7888-47FA-8282-D9D51E929BF2}.Release|Any CPU.Build.0 = Release|Any CPU
	EndGlobalSection
	GlobalSection(SolutionProperties) = preSolution
		HideSolutionNode = FALSE
	EndGlobalSection
EndGlobal
